
Microsoft Visual Studio Solution File, Format Version 12.00
# Visual Studio Version 17
VisualStudioVersion = 17.5.002.0
MinimumVisualStudioVersion = 10.0.40219.1
Project("{9A19103F-16F7-4668-BE54-9A1E7A4F7556}") = "MyFirstApp", "MyFirstApp.csproj", "{DDABA843-DF63-4842-AE2C-22E2E62F7779}"
EndProject
Global
	GlobalSection(SolutionConfigurationPlatforms) = preSolution
		Debug|Any CPU = Debug|Any CPU
		Release|Any CPU = Release|Any CPU
	EndGlobalSection
	GlobalSection(ProjectConfigurationPlatforms) = postSolution
		{DDABA843-DF63-4842-AE2C-22E2E62F7779}.Debug|Any CPU.ActiveCfg = Debug|Any CPU
		{DDABA843-DF63-4842-AE2C-22E2E62F7779}.Debug|Any CPU.Build.0 = Debug|Any CPU
		{DDABA843-DF63-4842-AE2C-22E2E62F7779}.Release|Any CPU.ActiveCfg = Release|Any CPU
		{DDABA843-DF63-4842-AE2C-22E2E62F7779}.Release|Any CPU.Build.0 = Release|Any CPU
	EndGlobalSection
	GlobalSection(SolutionProperties) = preSolution
		HideSolutionNode = FALSE
	EndGlobalSection
	GlobalSection(ExtensibilityGlobals) = postSolution
		SolutionGuid = {858D6ADF-639B-4A34-9ADB-BF38F057D180}
	EndGlobalSection
EndGlobal
